github.com/dlclark/regexp2 v1.8.1 h1:6Lcdwya6GjPUNsBct8Lg/yRPwMhABj269AAzdGSiR+0=
github.com/dlclark/regexp2 v1.8.1/go.mod h1:DHkYz0B9wPfa6wondMfaivmHpzrQ3v9q8cnmRbL6yW8=
github.com/google/uuid v1.3.0 h1:t6JiXgmwXMjEs8VusXIJk2BXHsn+wx8BZdTaoZ5fu7I=
github.com/google/uuid v1.3.0/go.mod h1:TIyPZe4MgqvfeYDBFedMoGGpEw/LqOeaOT+nhxU+yHo=
github.com/pkoukk/tiktoken-go v0.1.0 h1:X1uP3+Nd8C3xe6AIGRWjchrylyaye0FDDTG22cxNQZs=
github.com/pkoukk/tiktoken-go v0.1.0/go.mod h1:BijIqAP84FMYC4XbdJgjyMpiSjusU8x0Y0W9K2t0QtU=
